
Microsoft Visual Studio Solution File, Format Version 12.00
# Visual Studio 15
VisualStudioVersion = 15.0.27130.2010
MinimumVisualStudioVersion = 10.0.40219.1
Project("{2150E333-8FDC-42A3-9474-1A3956D46DE8}") = "SQLogin", "SQLogin", "{350C53E7-67B8-4232-8C17-8337EB628703}"
EndProject
Project("{FAE04EC0-301F-11D3-BF4B-00C04F79EFBC}") = "SQLogin", "SQLogin\SQLogin.csproj", "{269D4635-3AF8-42C6-A497-8C20383AF540}"
EndProject
Project("{FAE04EC0-301F-11D3-BF4B-00C04F79EFBC}") = "DidiDerDenker.BirdsEyeView.Command", "Command\DidiDerDenker.BirdsEyeView.Command.csproj", "{8ED4E867-16C8-41BA-A573-E7C38580DE0D}"
EndProject
Project("{2150E333-8FDC-42A3-9474-1A3956D46DE8}") = "Command", "Command", "{090E0AC5-FFDD-46B1-B96E-A8DFC9C9E6F6}"
EndProject
Project("{2150E333-8FDC-42A3-9474-1A3956D46DE8}") = "Models", "Models", "{BC53E8A0-93B1-4641-80A5-C298C39E214B}"
EndProject
Project("{FAE04EC0-301F-11D3-BF4B-00C04F79EFBC}") = "SQLManager.Models", "SQLManager.Models\SQLManager.Models.csproj", "{AEAB5666-F85A-4F32-883C-46F884352FD9}"
EndProject
Global
	GlobalSection(SolutionConfigurationPlatforms) = preSolution
		Debug|Any CPU = Debug|Any CPU
		Release|Any CPU = Release|Any CPU
	EndGlobalSection
	GlobalSection(ProjectConfigurationPlatforms) = postSolution
		{269D4635-3AF8-42C6-A497-8C20383AF540}.Debug|Any CPU.ActiveCfg = Debug|Any CPU
		{269D4635-3AF8-42C6-A497-8C20383AF540}.Debug|Any CPU.Build.0 = Debug|Any CPU
		{269D4635-3AF8-42C6-A497-8C20383AF540}.Release|Any CPU.ActiveCfg = Release|Any CPU
		{269D4635-3AF8-42C6-A497-8C20383AF540}.Release|Any CPU.Build.0 = Release|Any CPU
		{8ED4E867-16C8-41BA-A573-E7C38580DE0D}.Debug|Any CPU.ActiveCfg = Debug|Any CPU
		{8ED4E867-16C8-41BA-A573-E7C38580DE0D}.Debug|Any CPU.Build.0 = Debug|Any CPU
		{8ED4E867-16C8-41BA-A573-E7C38580DE0D}.Release|Any CPU.ActiveCfg = Release|Any CPU
		{8ED4E867-16C8-41BA-A573-E7C38580DE0D}.Release|Any CPU.Build.0 = Release|Any CPU
		{AEAB5666-F85A-4F32-883C-46F884352FD9}.Debug|Any CPU.ActiveCfg = Debug|Any CPU
		{AEAB5666-F85A-4F32-883C-46F884352FD9}.Debug|Any CPU.Build.0 = Debug|Any CPU
		{AEAB5666-F85A-4F32-883C-46F884352FD9}.Release|Any CPU.ActiveCfg = Release|Any CPU
		{AEAB5666-F85A-4F32-883C-46F884352FD9}.Release|Any CPU.Build.0 = Release|Any CPU
	EndGlobalSection
	GlobalSection(SolutionProperties) = preSolution
		HideSolutionNode = FALSE
	EndGlobalSection
	GlobalSection(NestedProjects) = preSolution
		{269D4635-3AF8-42C6-A497-8C20383AF540} = {350C53E7-67B8-4232-8C17-8337EB628703}
		{8ED4E867-16C8-41BA-A573-E7C38580DE0D} = {090E0AC5-FFDD-46B1-B96E-A8DFC9C9E6F6}
		{AEAB5666-F85A-4F32-883C-46F884352FD9} = {BC53E8A0-93B1-4641-80A5-C298C39E214B}
	EndGlobalSection
	GlobalSection(ExtensibilityGlobals) = postSolution
		SolutionGuid = {7332EEDD-5B57-477D-BA8E-994DF8F30E72}
	EndGlobalSection
EndGlobal
